
Microsoft Visual Studio Solution File, Format Version 12.00
Project("{FAE04EC0-301F-11D3-BF4B-00C04F79EFBC}") = "BloodDonor.Mvc", "BloodDonor.Mvc\BloodDonor.Mvc.csproj", "{E430FD9F-8D24-4C6F-8D78-E6601595BD01}"
EndProject
Global
	GlobalSection(SolutionConfigurationPlatforms) = preSolution
		Debug|Any CPU = Debug|Any CPU
		Release|Any CPU = Release|Any CPU
	EndGlobalSection
	GlobalSection(ProjectConfigurationPlatforms) = postSolution
		{E430FD9F-8D24-4C6F-8D78-E6601595BD01}.Debug|Any CPU.ActiveCfg = Debug|Any CPU
		{E430FD9F-8D24-4C6F-8D78-E6601595BD01}.Debug|Any CPU.Build.0 = Debug|Any CPU
		{E430FD9F-8D24-4C6F-8D78-E6601595BD01}.Release|Any CPU.ActiveCfg = Release|Any CPU
		{E430FD9F-8D24-4C6F-8D78-E6601595BD01}.Release|Any CPU.Build.0 = Release|Any CPU
	EndGlobalSection
EndGlobal
